<?xml version="1.0" encoding="utf-8"?>
<Project ToolsVersion="4.0" xmlns="http://schemas.microsoft.com/developer/msbuild/2003">
  <ItemGroup>
    <ClCompile Include="Timer.cpp" />
    <ClCompile Include="gl_sc_minimal.cpp">
      <Filter>gl_common</Filter>
    </ClCompile>
    <ClCompile Include="gl_sc_standart.cpp">
      <Filter>gl_common</Filter>
    </ClCompile>
    <ClCompile Include="gl_standart.cpp">
      <Filter>gl_common</Filter>
    </ClCompile>
    <ClCompile Include="gl_win.cpp">
      <Filter>gl_common</Filter>
    </ClCompile>
    <ClCompile Include="swgl.cpp">
      <Filter>gl_common</Filter>
    </ClCompile>
    <ClCompile Include="BatchExport.cpp" />
    <ClCompile Include="pugixml.cpp" />
    <ClCompile Include="SWGL_TiledFrameBuffer.cpp" />
    <ClCompile Include="HWPureCpp.cpp">
      <Filter>Rasterizers</Filter>
    </ClCompile>
    <ClCompile Include="HWSSE1Impl.cpp">
      <Filter>Rasterizers</Filter>
    </ClCompile>
    <ClCompile Include="HWBlockLine4x4.cpp">
      <Filter>Rasterizers</Filter>
    </ClCompile>
  </ItemGroup>
  <ItemGroup>
    <ClInclude Include="config.h" />
    <ClInclude Include="LiteMath.h" />
    <ClInclude Include="TexSampler.h" />
    <ClInclude Include="Timer.h" />
    <ClInclude Include="TriRaster.h" />
    <ClInclude Include="gl_sc.h">
      <Filter>gl_common</Filter>
    </ClInclude>
    <ClInclude Include="gl_std.h">
      <Filter>gl_common</Filter>
    </ClInclude>
    <ClInclude Include="swgl.h">
      <Filter>gl_common</Filter>
    </ClInclude>
    <ClInclude Include="pugiconfig.hpp" />
    <ClInclude Include="pugixml.hpp" />
    <ClInclude Include="SWGL_TiledFrameBuffer.h" />
    <ClInclude Include="HWAbstractionLayer.h">
      <Filter>Rasterizers</Filter>
    </ClInclude>
    <ClInclude Include="HW_VROP.h" />
    <ClInclude Include="TriRasterHalfSpaceBlockLineFixp.h" />
    <ClInclude Include="vfloat4_x64.h" />
    <ClInclude Include="vfloat8_x64.h" />
    <ClInclude Include="HWBlockLine4x4.h">
      <Filter>Rasterizers</Filter>
    </ClInclude>
    <ClInclude Include="HWPureCpp.h">
      <Filter>Rasterizers</Filter>
    </ClInclude>
    <ClInclude Include="HWSSE1Impl.h">
      <Filter>Rasterizers</Filter>
    </ClInclude>
  </ItemGroup>
  <ItemGroup>
    <None Include="opengl32.def" />
  </ItemGroup>
  <ItemGroup>
    <Filter Include="gl_common">
      <UniqueIdentifier>{bf778902-eaa8-4469-a3cc-d135f350ec6c}</UniqueIdentifier>
    </Filter>
    <Filter Include="Rasterizers">
      <UniqueIdentifier>{2c512f91-f868-41ef-a002-66337951d86f}</UniqueIdentifier>
    </Filter>
  </ItemGroup>
</Project>